{
  "pins" : [
    {
      "identity" : "rxswift",
      "kind" : "remoteSourceControl",
      "location" : "https://github.com/ReactiveX/RxSwift.git",
      "state" : {
        "revision" : "b4307ba0b6425c0ba4178e138799946c3da594f8",
        "version" : "6.5.0"
      }
    },
    {
      "identity" : "swifter",
      "kind" : "remoteSourceControl",
      "location" : "https://github.com/tomieq/swifter.git",
      "state" : {
        "branch" : "develop",
        "revision" : "0682c1e28c134e783e35d414155ebf89f8641e7a"
      }
    },
    {
      "identity" : "webrequest.swift",
      "kind" : "remoteSourceControl",
      "location" : "https://github.com/tomieq/WebRequest.swift.git",
      "state" : {
        "revision" : "a583450964ff7102244dc8e4f4aec0aa28fda9c3",
        "version" : "1.0.2"
      }
    }
  ],
  "version" : 2
}
